
Microsoft Visual Studio Solution File, Format Version 12.00
# Visual Studio 15
Project("{FAE04EC0-301F-11D3-BF4B-00C04F79EFBC}") = "BreakingTheRecords", "BreakingTheRecords\BreakingTheRecords.csproj", "{D07556FC-D7FF-47BA-B31F-3BD2A5DFFA72}"
EndProject
Global
	GlobalSection(SolutionConfigurationPlatforms) = preSolution
		Debug|Any CPU = Debug|Any CPU
		Release|Any CPU = Release|Any CPU
	EndGlobalSection
	GlobalSection(ProjectConfigurationPlatforms) = postSolution
		{D07556FC-D7FF-47BA-B31F-3BD2A5DFFA72}.Debug|Any CPU.ActiveCfg = Debug|Any CPU
		{D07556FC-D7FF-47BA-B31F-3BD2A5DFFA72}.Debug|Any CPU.Build.0 = Debug|Any CPU
		{D07556FC-D7FF-47BA-B31F-3BD2A5DFFA72}.Release|Any CPU.ActiveCfg = Release|Any CPU
		{D07556FC-D7FF-47BA-B31F-3BD2A5DFFA72}.Release|Any CPU.Build.0 = Release|Any CPU
	EndGlobalSection
EndGlobal
